
Microsoft Visual Studio Solution File, Format Version 12.00
# Visual Studio Version 17
VisualStudioVersion = 17.10.35027.167
MinimumVisualStudioVersion = 10.0.40219.1
Project("{2150E333-8FDC-42A3-9474-1A3956D46DE8}") = "libraries", "libraries", "{61A8F47C-96B6-4EEE-9CF7-81128468BABB}"
EndProject
Project("{8BC9CEB8-8B4A-11D0-8D11-00A0C91BC942}") = "core", "libraries\core\core.vcxproj", "{FAA3B443-7FF9-4C2C-A140-1A0600E97539}"
EndProject
Project("{8BC9CEB8-8B4A-11D0-8D11-00A0C91BC942}") = "mod-manager", "libraries\mod-manager\mod-manager.vcxproj", "{1C27C1FC-950B-453C-8596-69F0FBDC1B11}"
EndProject
Project("{2150E333-8FDC-42A3-9474-1A3956D46DE8}") = "vendor", "vendor", "{DE346130-6D0E-4DA8-B567-AC1410E41B21}"
EndProject
Project("{8BC9CEB8-8B4A-11D0-8D11-00A0C91BC942}") = "imgui", "vendor\imgui\imgui.vcxproj", "{7DC3E603-4726-4242-8AFD-1DABAF9DFEA7}"
EndProject
Project("{8BC9CEB8-8B4A-11D0-8D11-00A0C91BC942}") = "detours", "vendor\detours\detours.vcxproj", "{95B474DE-77EF-4ECF-9198-451C15A1B392}"
EndProject
Project("{8BC9CEB8-8B4A-11D0-8D11-00A0C91BC942}") = "yaml-cpp", "vendor\yaml-cpp\yaml-cpp.vcxproj", "{072109B8-5077-45D6-B04E-018F284FB3E1}"
EndProject
Project("{2150E333-8FDC-42A3-9474-1A3956D46DE8}") = "mods", "mods", "{56C3B5C4-6C9E-4B28-BEF7-5B7BC36021C5}"
EndProject
Project("{8BC9CEB8-8B4A-11D0-8D11-00A0C91BC942}") = "exception-reporter", "mods\exception-reporter\exception-reporter.vcxproj", "{9245F051-3444-443E-A1BA-60BCCCEB884F}"
EndProject
Project("{8BC9CEB8-8B4A-11D0-8D11-00A0C91BC942}") = "free-camera", "mods\free-camera\free-camera.vcxproj", "{D81726EB-7550-4901-AEA7-27DFECFBFCFD}"
EndProject
Project("{8BC9CEB8-8B4A-11D0-8D11-00A0C91BC942}") = "bully-repellent", "mods\bully-repellent\bully-repellent.vcxproj", "{D7D7740B-D605-4CD3-A3D4-E4FC923E4F23}"
EndProject
Project("{8BC9CEB8-8B4A-11D0-8D11-00A0C91BC942}") = "protection", "mods\protection\protection.vcxproj", "{0B9B6E57-8F0E-4F5B-B8E3-C121D29FA4CF}"
EndProject
Global
	GlobalSection(SolutionConfigurationPlatforms) = preSolution
		Debug|x64 = Debug|x64
		Debug|x86 = Debug|x86
		Release|x64 = Release|x64
		Release|x86 = Release|x86
	EndGlobalSection
	GlobalSection(ProjectConfigurationPlatforms) = postSolution
		{FAA3B443-7FF9-4C2C-A140-1A0600E97539}.Debug|x64.ActiveCfg = Debug|x64
		{FAA3B443-7FF9-4C2C-A140-1A0600E97539}.Debug|x64.Build.0 = Debug|x64
		{FAA3B443-7FF9-4C2C-A140-1A0600E97539}.Debug|x86.ActiveCfg = Debug|Win32
		{FAA3B443-7FF9-4C2C-A140-1A0600E97539}.Debug|x86.Build.0 = Debug|Win32
		{FAA3B443-7FF9-4C2C-A140-1A0600E97539}.Release|x64.ActiveCfg = Release|x64
		{FAA3B443-7FF9-4C2C-A140-1A0600E97539}.Release|x64.Build.0 = Release|x64
		{FAA3B443-7FF9-4C2C-A140-1A0600E97539}.Release|x86.ActiveCfg = Release|Win32
		{FAA3B443-7FF9-4C2C-A140-1A0600E97539}.Release|x86.Build.0 = Release|Win32
		{1C27C1FC-950B-453C-8596-69F0FBDC1B11}.Debug|x64.ActiveCfg = Debug|x64
		{1C27C1FC-950B-453C-8596-69F0FBDC1B11}.Debug|x64.Build.0 = Debug|x64
		{1C27C1FC-950B-453C-8596-69F0FBDC1B11}.Debug|x86.ActiveCfg = Debug|Win32
		{1C27C1FC-950B-453C-8596-69F0FBDC1B11}.Debug|x86.Build.0 = Debug|Win32
		{1C27C1FC-950B-453C-8596-69F0FBDC1B11}.Release|x64.ActiveCfg = Release|x64
		{1C27C1FC-950B-453C-8596-69F0FBDC1B11}.Release|x64.Build.0 = Release|x64
		{1C27C1FC-950B-453C-8596-69F0FBDC1B11}.Release|x86.ActiveCfg = Release|Win32
		{1C27C1FC-950B-453C-8596-69F0FBDC1B11}.Release|x86.Build.0 = Release|Win32
		{7DC3E603-4726-4242-8AFD-1DABAF9DFEA7}.Debug|x64.ActiveCfg = Debug|x64
		{7DC3E603-4726-4242-8AFD-1DABAF9DFEA7}.Debug|x64.Build.0 = Debug|x64
		{7DC3E603-4726-4242-8AFD-1DABAF9DFEA7}.Debug|x86.ActiveCfg = Debug|Win32
		{7DC3E603-4726-4242-8AFD-1DABAF9DFEA7}.Debug|x86.Build.0 = Debug|Win32
		{7DC3E603-4726-4242-8AFD-1DABAF9DFEA7}.Release|x64.ActiveCfg = Release|x64
		{7DC3E603-4726-4242-8AFD-1DABAF9DFEA7}.Release|x64.Build.0 = Release|x64
		{7DC3E603-4726-4242-8AFD-1DABAF9DFEA7}.Release|x86.ActiveCfg = Release|Win32
		{7DC3E603-4726-4242-8AFD-1DABAF9DFEA7}.Release|x86.Build.0 = Release|Win32
		{95B474DE-77EF-4ECF-9198-451C15A1B392}.Debug|x64.ActiveCfg = Debug|x64
		{95B474DE-77EF-4ECF-9198-451C15A1B392}.Debug|x64.Build.0 = Debug|x64
		{95B474DE-77EF-4ECF-9198-451C15A1B392}.Debug|x86.ActiveCfg = Debug|Win32
		{95B474DE-77EF-4ECF-9198-451C15A1B392}.Debug|x86.Build.0 = Debug|Win32
		{95B474DE-77EF-4ECF-9198-451C15A1B392}.Release|x64.ActiveCfg = Release|x64
		{95B474DE-77EF-4ECF-9198-451C15A1B392}.Release|x64.Build.0 = Release|x64
		{95B474DE-77EF-4ECF-9198-451C15A1B392}.Release|x86.ActiveCfg = Release|Win32
		{95B474DE-77EF-4ECF-9198-451C15A1B392}.Release|x86.Build.0 = Release|Win32
		{072109B8-5077-45D6-B04E-018F284FB3E1}.Debug|x64.ActiveCfg = Debug|x64
		{072109B8-5077-45D6-B04E-018F284FB3E1}.Debug|x64.Build.0 = Debug|x64
		{072109B8-5077-45D6-B04E-018F284FB3E1}.Debug|x86.ActiveCfg = Debug|Win32
		{072109B8-5077-45D6-B04E-018F284FB3E1}.Debug|x86.Build.0 = Debug|Win32
		{072109B8-5077-45D6-B04E-018F284FB3E1}.Release|x64.ActiveCfg = Release|x64
		{072109B8-5077-45D6-B04E-018F284FB3E1}.Release|x64.Build.0 = Release|x64
		{072109B8-5077-45D6-B04E-018F284FB3E1}.Release|x86.ActiveCfg = Release|Win32
		{072109B8-5077-45D6-B04E-018F284FB3E1}.Release|x86.Build.0 = Release|Win32
		{9245F051-3444-443E-A1BA-60BCCCEB884F}.Debug|x64.ActiveCfg = Debug|x64
		{9245F051-3444-443E-A1BA-60BCCCEB884F}.Debug|x64.Build.0 = Debug|x64
		{9245F051-3444-443E-A1BA-60BCCCEB884F}.Debug|x86.ActiveCfg = Debug|Win32
		{9245F051-3444-443E-A1BA-60BCCCEB884F}.Debug|x86.Build.0 = Debug|Win32
		{9245F051-3444-443E-A1BA-60BCCCEB884F}.Release|x64.ActiveCfg = Release|x64
		{9245F051-3444-443E-A1BA-60BCCCEB884F}.Release|x64.Build.0 = Release|x64
		{9245F051-3444-443E-A1BA-60BCCCEB884F}.Release|x86.ActiveCfg = Release|Win32
		{9245F051-3444-443E-A1BA-60BCCCEB884F}.Release|x86.Build.0 = Release|Win32
		{D81726EB-7550-4901-AEA7-27DFECFBFCFD}.Debug|x64.ActiveCfg = Debug|x64
		{D81726EB-7550-4901-AEA7-27DFECFBFCFD}.Debug|x64.Build.0 = Debug|x64
		{D81726EB-7550-4901-AEA7-27DFECFBFCFD}.Debug|x86.ActiveCfg = Debug|Win32
		{D81726EB-7550-4901-AEA7-27DFECFBFCFD}.Debug|x86.Build.0 = Debug|Win32
		{D81726EB-7550-4901-AEA7-27DFECFBFCFD}.Release|x64.ActiveCfg = Release|x64
		{D81726EB-7550-4901-AEA7-27DFECFBFCFD}.Release|x64.Build.0 = Release|x64
		{D81726EB-7550-4901-AEA7-27DFECFBFCFD}.Release|x86.ActiveCfg = Release|Win32
		{D81726EB-7550-4901-AEA7-27DFECFBFCFD}.Release|x86.Build.0 = Release|Win32
		{D7D7740B-D605-4CD3-A3D4-E4FC923E4F23}.Debug|x64.ActiveCfg = Debug|x64
		{D7D7740B-D605-4CD3-A3D4-E4FC923E4F23}.Debug|x64.Build.0 = Debug|x64
		{D7D7740B-D605-4CD3-A3D4-E4FC923E4F23}.Debug|x86.ActiveCfg = Debug|Win32
		{D7D7740B-D605-4CD3-A3D4-E4FC923E4F23}.Debug|x86.Build.0 = Debug|Win32
		{D7D7740B-D605-4CD3-A3D4-E4FC923E4F23}.Release|x64.ActiveCfg = Release|x64
		{D7D7740B-D605-4CD3-A3D4-E4FC923E4F23}.Release|x64.Build.0 = Release|x64
		{D7D7740B-D605-4CD3-A3D4-E4FC923E4F23}.Release|x86.ActiveCfg = Release|Win32
		{D7D7740B-D605-4CD3-A3D4-E4FC923E4F23}.Release|x86.Build.0 = Release|Win32
		{0B9B6E57-8F0E-4F5B-B8E3-C121D29FA4CF}.Debug|x64.ActiveCfg = Debug|x64
		{0B9B6E57-8F0E-4F5B-B8E3-C121D29FA4CF}.Debug|x64.Build.0 = Debug|x64
		{0B9B6E57-8F0E-4F5B-B8E3-C121D29FA4CF}.Debug|x86.ActiveCfg = Debug|Win32
		{0B9B6E57-8F0E-4F5B-B8E3-C121D29FA4CF}.Debug|x86.Build.0 = Debug|Win32
		{0B9B6E57-8F0E-4F5B-B8E3-C121D29FA4CF}.Release|x64.ActiveCfg = Release|x64
		{0B9B6E57-8F0E-4F5B-B8E3-C121D29FA4CF}.Release|x64.Build.0 = Release|x64
		{0B9B6E57-8F0E-4F5B-B8E3-C121D29FA4CF}.Release|x86.ActiveCfg = Release|Win32
		{0B9B6E57-8F0E-4F5B-B8E3-C121D29FA4CF}.Release|x86.Build.0 = Release|Win32
	EndGlobalSection
	GlobalSection(SolutionProperties) = preSolution
		HideSolutionNode = FALSE
	EndGlobalSection
	GlobalSection(NestedProjects) = preSolution
		{FAA3B443-7FF9-4C2C-A140-1A0600E97539} = {61A8F47C-96B6-4EEE-9CF7-81128468BABB}
		{1C27C1FC-950B-453C-8596-69F0FBDC1B11} = {61A8F47C-96B6-4EEE-9CF7-81128468BABB}
		{7DC3E603-4726-4242-8AFD-1DABAF9DFEA7} = {DE346130-6D0E-4DA8-B567-AC1410E41B21}
		{95B474DE-77EF-4ECF-9198-451C15A1B392} = {DE346130-6D0E-4DA8-B567-AC1410E41B21}
		{072109B8-5077-45D6-B04E-018F284FB3E1} = {DE346130-6D0E-4DA8-B567-AC1410E41B21}
		{9245F051-3444-443E-A1BA-60BCCCEB884F} = {56C3B5C4-6C9E-4B28-BEF7-5B7BC36021C5}
		{D81726EB-7550-4901-AEA7-27DFECFBFCFD} = {56C3B5C4-6C9E-4B28-BEF7-5B7BC36021C5}
		{D7D7740B-D605-4CD3-A3D4-E4FC923E4F23} = {56C3B5C4-6C9E-4B28-BEF7-5B7BC36021C5}
		{0B9B6E57-8F0E-4F5B-B8E3-C121D29FA4CF} = {56C3B5C4-6C9E-4B28-BEF7-5B7BC36021C5}
	EndGlobalSection
	GlobalSection(ExtensibilityGlobals) = postSolution
		SolutionGuid = {63053E1A-A653-4F57-8900-6B5CF4291722}
	EndGlobalSection
EndGlobal
